
Microsoft Visual Studio Solution File, Format Version 12.00
# Visual Studio Version 17
VisualStudioVersion = 17.0.31903.59
MinimumVisualStudioVersion = 10.0.40219.1
Project("{FAE04EC0-301F-11D3-BF4B-00C04F79EFBC}") = "TorgLink.Maui", "src\TorgLink.Maui\TorgLink.Maui.csproj", "{A1B2C3D4-E5F6-7890-ABCD-EF1234567890}"
EndProject
Project("{2150E333-8FDC-42A3-9474-1A3956D46DE8}") = "Misc", "Misc", "{1DE7B355-CBA8-4D4A-BF35-BAC109523CD6}"
	ProjectSection(SolutionItems) = preProject
		Misc\new_chat.aup3 = Misc\new_chat.aup3
		Misc\new_chat.ogg = Misc\new_chat.ogg
		logo\logo.jpg = logo\logo.jpg
		logo\logo.xcf = logo\logo.xcf
		logo\logo_min.png = logo\logo_min.png
		logo\logo_transparent.png = logo\logo_transparent.png
		logo\logo_transparent.xcf = logo\logo_transparent.xcf
		logo\logo_transparent_min.png = logo\logo_transparent_min.png
		logo\logo_transparent_min.xcf = logo\logo_transparent_min.xcf
	EndProjectSection
EndProject
Project("{2150E333-8FDC-42A3-9474-1A3956D46DE8}") = "ShortP2P", "ShortP2P", "{7B914EAE-C9F9-A150-68B6-A106542EEA13}"
EndProject
Project("{FAE04EC0-301F-11D3-BF4B-00C04F79EFBC}") = "ShortP2P.Crypto", "ShortP2P\ShortP2P.Crypto\ShortP2P.Crypto.csproj", "{DA084E1B-9572-4752-A1FC-183A1B17F928}"
EndProject
Project("{FAE04EC0-301F-11D3-BF4B-00C04F79EFBC}") = "ShortP2P.Auth", "ShortP2P\src\ShortP2P.Auth\ShortP2P.Auth.csproj", "{54FDE66F-2C42-4806-84CF-F30E75FE29DD}"
EndProject
Project("{FAE04EC0-301F-11D3-BF4B-00C04F79EFBC}") = "ShortP2P.Client", "ShortP2P\src\ShortP2P.Client\ShortP2P.Client.csproj", "{0DA8E6C9-9605-43E5-8B76-89CAD6F7475B}"
EndProject
Project("{FAE04EC0-301F-11D3-BF4B-00C04F79EFBC}") = "ShortP2P.Transport", "ShortP2P\src\ShortP2P.Transport\ShortP2P.Transport.csproj", "{0952396A-4AFD-49F5-9F59-20BC06E57C88}"
EndProject
Project("{FAE04EC0-301F-11D3-BF4B-00C04F79EFBC}") = "ShortP2P.Transport.Abstractions", "ShortP2P\src\ShortP2P.Transport.Abstractions\ShortP2P.Transport.Abstractions.csproj", "{5061A5FB-753E-4F0F-BFA5-4CEB253BDBB7}"
EndProject
Project("{FAE04EC0-301F-11D3-BF4B-00C04F79EFBC}") = "ShortP2P.Messenger", "ShortP2P\src\ShortP2P.Messenger\ShortP2P.Messenger.csproj", "{FB8103AF-8C5F-4EE7-B059-65192C692D90}"
EndProject
Project("{FAE04EC0-301F-11D3-BF4B-00C04F79EFBC}") = "ShortP2P.Discovery", "ShortP2P\src\ShortP2P.Discovery\ShortP2P.Discovery.csproj", "{43D26FD6-1DA4-4575-A3A2-36A117EB0342}"
EndProject
Project("{FAE04EC0-301F-11D3-BF4B-00C04F79EFBC}") = "ShortP2P.TrustSystem", "ShortP2P\src\ShortP2P.TrustSystem\ShortP2P.TrustSystem.csproj", "{716CC0F2-6389-42DE-B52C-C6B75BA96D11}"
EndProject
Project("{FAE04EC0-301F-11D3-BF4B-00C04F79EFBC}") = "ShortP2P.MessengerServer.Http", "ShortP2P\src\Server\ShortP2P.MessengerServer.Http\ShortP2P.MessengerServer.Http.csproj", "{3AE8A5B9-D758-4FDC-BE52-97F309042BF5}"
EndProject
Project("{FAE04EC0-301F-11D3-BF4B-00C04F79EFBC}") = "ShortP2P.MessengerServer.Contracts", "ShortP2P\src\Server\ShortP2P.MessengerServer.Contracts\ShortP2P.MessengerServer.Contracts.csproj", "{1F21D42B-702A-4620-BE93-92B1280637B0}"
EndProject
Project("{FAE04EC0-301F-11D3-BF4B-00C04F79EFBC}") = "ShortP2P.Transport.Bluetooth.Windows", "ShortP2P\src\ShortP2P.Transport.Bluetooth.Windows\ShortP2P.Transport.Bluetooth.Windows.csproj", "{B131168D-A243-480C-827B-D179DDAD4A5D}"
EndProject
Project("{FAE04EC0-301F-11D3-BF4B-00C04F79EFBC}") = "ShortP2P.Transport.Bluetooth.Android", "ShortP2P\src\ShortP2P.Transport.Bluetooth.Android\ShortP2P.Transport.Bluetooth.Android.csproj", "{E9FCEC78-FBE3-4E29-B85A-91005856C5A5}"
EndProject
Project("{2150E333-8FDC-42A3-9474-1A3956D46DE8}") = "Server", "Server", "{57F5F539-44B8-C3E0-8275-F8861B64FA84}"
EndProject
Project("{2150E333-8FDC-42A3-9474-1A3956D46DE8}") = "WinForms", "WinForms", "{2196FF34-E6CA-1178-A4A8-C35FB22CF3D4}"
EndProject
Project("{FAE04EC0-301F-11D3-BF4B-00C04F79EFBC}") = "TorgLink.WinForms", "src\TorgLink.WinForms\TorgLink.WinForms.csproj", "{AD03B9C4-DD71-43D6-B45F-98543768CDE7}"
EndProject
Project("{FAE04EC0-301F-11D3-BF4B-00C04F79EFBC}") = "ShortP2P.Client.Fx48", "ShortP2P\src\Fx48\ShortP2P.Client.Fx48.csproj", "{9CBECBB7-618D-41C1-BC46-CB1F5F9BE63C}"
EndProject
Project("{FAE04EC0-301F-11D3-BF4B-00C04F79EFBC}") = "ShortP2P.Crypto.Fx48", "ShortP2P\src\Fx48\ShortP2P.Crypto.Fx48.csproj", "{66E606F9-B7D2-48E7-BFC8-A8789B2A46AB}"
EndProject
Project("{FAE04EC0-301F-11D3-BF4B-00C04F79EFBC}") = "ShortP2P.Auth.Fx48", "ShortP2P\src\Fx48\ShortP2P.Auth.Fx48.csproj", "{25D26B0E-DF6A-495D-9EE5-BE380CE77E0B}"
EndProject
Project("{FAE04EC0-301F-11D3-BF4B-00C04F79EFBC}") = "ShortP2P.MessengerServer.Http.Fx48", "ShortP2P\src\Fx48\ShortP2P.MessengerServer.Http.Fx48.csproj", "{E1A1BEB6-F473-4DF2-B47D-1C41A43A9B6F}"
EndProject
Project("{FAE04EC0-301F-11D3-BF4B-00C04F79EFBC}") = "ShortP2P.MessengerServer.Contracts.Fx48", "ShortP2P\src\Fx48\ShortP2P.MessengerServer.Contracts.Fx48.csproj", "{48B17D14-95E7-419B-832E-F2FB0000244D}"
EndProject
Project("{FAE04EC0-301F-11D3-BF4B-00C04F79EFBC}") = "ShortP2P.TrustSystem.Fx48", "ShortP2P\src\Fx48\ShortP2P.TrustSystem.Fx48.csproj", "{897A0C1E-9E90-412F-93F8-3386414E32A8}"
EndProject
Project("{FAE04EC0-301F-11D3-BF4B-00C04F79EFBC}") = "ShortP2P.Transport.Fx48", "ShortP2P\src\Fx48\ShortP2P.Transport.Fx48.csproj", "{D7B3D8A8-F32F-484F-8765-B88DD432F390}"
EndProject
Project("{FAE04EC0-301F-11D3-BF4B-00C04F79EFBC}") = "ShortP2P.Transport.Abstractions.Fx48", "ShortP2P\src\Fx48\ShortP2P.Transport.Abstractions.Fx48.csproj", "{1F350A10-699E-4F97-A5AB-FA22B7CE8141}"
EndProject
Project("{FAE04EC0-301F-11D3-BF4B-00C04F79EFBC}") = "TorgLink.Web.Api", "src\TorgLink.Web.Api\TorgLink.Web.Api.csproj", "{F120BD5A-B807-47FC-8D2E-888C14F2866F}"
EndProject
Global
	GlobalSection(SolutionConfigurationPlatforms) = preSolution
		Debug|Any CPU = Debug|Any CPU
		Debug|x64 = Debug|x64
		Debug|ARM64 = Debug|ARM64
		Debug|x86 = Debug|x86
		Release|Any CPU = Release|Any CPU
		Release|x64 = Release|x64
		Release|ARM64 = Release|ARM64
		Release|x86 = Release|x86
	EndGlobalSection
	GlobalSection(ProjectConfigurationPlatforms) = postSolution
		{A1B2C3D4-E5F6-7890-ABCD-EF1234567890}.Debug|Any CPU.ActiveCfg = Debug|Any CPU
		{A1B2C3D4-E5F6-7890-ABCD-EF1234567890}.Debug|Any CPU.Build.0 = Debug|Any CPU
		{A1B2C3D4-E5F6-7890-ABCD-EF1234567890}.Debug|Any CPU.Deploy.0 = Debug|Any CPU
		{A1B2C3D4-E5F6-7890-ABCD-EF1234567890}.Debug|x64.ActiveCfg = Debug|x64
		{A1B2C3D4-E5F6-7890-ABCD-EF1234567890}.Debug|x64.Build.0 = Debug|x64
		{A1B2C3D4-E5F6-7890-ABCD-EF1234567890}.Debug|x64.Deploy.0 = Debug|x64
		{A1B2C3D4-E5F6-7890-ABCD-EF1234567890}.Debug|ARM64.ActiveCfg = Debug|ARM64
		{A1B2C3D4-E5F6-7890-ABCD-EF1234567890}.Debug|ARM64.Build.0 = Debug|ARM64
		{A1B2C3D4-E5F6-7890-ABCD-EF1234567890}.Debug|ARM64.Deploy.0 = Debug|ARM64
		{A1B2C3D4-E5F6-7890-ABCD-EF1234567890}.Debug|x86.ActiveCfg = Debug|Any CPU
		{A1B2C3D4-E5F6-7890-ABCD-EF1234567890}.Debug|x86.Build.0 = Debug|Any CPU
		{A1B2C3D4-E5F6-7890-ABCD-EF1234567890}.Release|Any CPU.ActiveCfg = Release|Any CPU
		{A1B2C3D4-E5F6-7890-ABCD-EF1234567890}.Release|Any CPU.Build.0 = Release|Any CPU
		{A1B2C3D4-E5F6-7890-ABCD-EF1234567890}.Release|Any CPU.Deploy.0 = Release|Any CPU
		{A1B2C3D4-E5F6-7890-ABCD-EF1234567890}.Release|x64.ActiveCfg = Release|x64
		{A1B2C3D4-E5F6-7890-ABCD-EF1234567890}.Release|x64.Build.0 = Release|x64
		{A1B2C3D4-E5F6-7890-ABCD-EF1234567890}.Release|x64.Deploy.0 = Release|x64
		{A1B2C3D4-E5F6-7890-ABCD-EF1234567890}.Release|ARM64.ActiveCfg = Release|ARM64
		{A1B2C3D4-E5F6-7890-ABCD-EF1234567890}.Release|ARM64.Build.0 = Release|ARM64
		{A1B2C3D4-E5F6-7890-ABCD-EF1234567890}.Release|ARM64.Deploy.0 = Release|ARM64
		{A1B2C3D4-E5F6-7890-ABCD-EF1234567890}.Release|x86.ActiveCfg = Release|Any CPU
		{A1B2C3D4-E5F6-7890-ABCD-EF1234567890}.Release|x86.Build.0 = Release|Any CPU
		{DA084E1B-9572-4752-A1FC-183A1B17F928}.Debug|Any CPU.ActiveCfg = Debug|Any CPU
		{DA084E1B-9572-4752-A1FC-183A1B17F928}.Debug|Any CPU.Build.0 = Debug|Any CPU
		{DA084E1B-9572-4752-A1FC-183A1B17F928}.Debug|x64.ActiveCfg = Debug|Any CPU
		{DA084E1B-9572-4752-A1FC-183A1B17F928}.Debug|x64.Build.0 = Debug|Any CPU
		{DA084E1B-9572-4752-A1FC-183A1B17F928}.Debug|ARM64.ActiveCfg = Debug|Any CPU
		{DA084E1B-9572-4752-A1FC-183A1B17F928}.Debug|ARM64.Build.0 = Debug|Any CPU
		{DA084E1B-9572-4752-A1FC-183A1B17F928}.Debug|x86.ActiveCfg = Debug|Any CPU
		{DA084E1B-9572-4752-A1FC-183A1B17F928}.Debug|x86.Build.0 = Debug|Any CPU
		{DA084E1B-9572-4752-A1FC-183A1B17F928}.Release|Any CPU.ActiveCfg = Release|Any CPU
		{DA084E1B-9572-4752-A1FC-183A1B17F928}.Release|Any CPU.Build.0 = Release|Any CPU
		{DA084E1B-9572-4752-A1FC-183A1B17F928}.Release|x64.ActiveCfg = Release|Any CPU
		{DA084E1B-9572-4752-A1FC-183A1B17F928}.Release|x64.Build.0 = Release|Any CPU
		{DA084E1B-9572-4752-A1FC-183A1B17F928}.Release|ARM64.ActiveCfg = Release|Any CPU
		{DA084E1B-9572-4752-A1FC-183A1B17F928}.Release|ARM64.Build.0 = Release|Any CPU
		{DA084E1B-9572-4752-A1FC-183A1B17F928}.Release|x86.ActiveCfg = Release|Any CPU
		{DA084E1B-9572-4752-A1FC-183A1B17F928}.Release|x86.Build.0 = Release|Any CPU
		{54FDE66F-2C42-4806-84CF-F30E75FE29DD}.Debug|Any CPU.ActiveCfg = Debug|Any CPU
		{54FDE66F-2C42-4806-84CF-F30E75FE29DD}.Debug|Any CPU.Build.0 = Debug|Any CPU
		{54FDE66F-2C42-4806-84CF-F30E75FE29DD}.Debug|x64.ActiveCfg = Debug|Any CPU
		{54FDE66F-2C42-4806-84CF-F30E75FE29DD}.Debug|x64.Build.0 = Debug|Any CPU
		{54FDE66F-2C42-4806-84CF-F30E75FE29DD}.Debug|ARM64.ActiveCfg = Debug|Any CPU
		{54FDE66F-2C42-4806-84CF-F30E75FE29DD}.Debug|ARM64.Build.0 = Debug|Any CPU
		{54FDE66F-2C42-4806-84CF-F30E75FE29DD}.Debug|x86.ActiveCfg = Debug|Any CPU
		{54FDE66F-2C42-4806-84CF-F30E75FE29DD}.Debug|x86.Build.0 = Debug|Any CPU
		{54FDE66F-2C42-4806-84CF-F30E75FE29DD}.Release|Any CPU.ActiveCfg = Release|Any CPU
		{54FDE66F-2C42-4806-84CF-F30E75FE29DD}.Release|Any CPU.Build.0 = Release|Any CPU
		{54FDE66F-2C42-4806-84CF-F30E75FE29DD}.Release|x64.ActiveCfg = Release|Any CPU
		{54FDE66F-2C42-4806-84CF-F30E75FE29DD}.Release|x64.Build.0 = Release|Any CPU
		{54FDE66F-2C42-4806-84CF-F30E75FE29DD}.Release|ARM64.ActiveCfg = Release|Any CPU
		{54FDE66F-2C42-4806-84CF-F30E75FE29DD}.Release|ARM64.Build.0 = Release|Any CPU
		{54FDE66F-2C42-4806-84CF-F30E75FE29DD}.Release|x86.ActiveCfg = Release|Any CPU
		{54FDE66F-2C42-4806-84CF-F30E75FE29DD}.Release|x86.Build.0 = Release|Any CPU
		{0DA8E6C9-9605-43E5-8B76-89CAD6F7475B}.Debug|Any CPU.ActiveCfg = Debug|Any CPU
		{0DA8E6C9-9605-43E5-8B76-89CAD6F7475B}.Debug|Any CPU.Build.0 = Debug|Any CPU
		{0DA8E6C9-9605-43E5-8B76-89CAD6F7475B}.Debug|x64.ActiveCfg = Debug|Any CPU
		{0DA8E6C9-9605-43E5-8B76-89CAD6F7475B}.Debug|x64.Build.0 = Debug|Any CPU
		{0DA8E6C9-9605-43E5-8B76-89CAD6F7475B}.Debug|ARM64.ActiveCfg = Debug|Any CPU
		{0DA8E6C9-9605-43E5-8B76-89CAD6F7475B}.Debug|ARM64.Build.0 = Debug|Any CPU
		{0DA8E6C9-9605-43E5-8B76-89CAD6F7475B}.Debug|x86.ActiveCfg = Debug|Any CPU
		{0DA8E6C9-9605-43E5-8B76-89CAD6F7475B}.Debug|x86.Build.0 = Debug|Any CPU
		{0DA8E6C9-9605-43E5-8B76-89CAD6F7475B}.Release|Any CPU.ActiveCfg = Release|Any CPU
		{0DA8E6C9-9605-43E5-8B76-89CAD6F7475B}.Release|Any CPU.Build.0 = Release|Any CPU
		{0DA8E6C9-9605-43E5-8B76-89CAD6F7475B}.Release|x64.ActiveCfg = Release|Any CPU
		{0DA8E6C9-9605-43E5-8B76-89CAD6F7475B}.Release|x64.Build.0 = Release|Any CPU
		{0DA8E6C9-9605-43E5-8B76-89CAD6F7475B}.Release|ARM64.ActiveCfg = Release|Any CPU
		{0DA8E6C9-9605-43E5-8B76-89CAD6F7475B}.Release|ARM64.Build.0 = Release|Any CPU
		{0DA8E6C9-9605-43E5-8B76-89CAD6F7475B}.Release|x86.ActiveCfg = Release|Any CPU
		{0DA8E6C9-9605-43E5-8B76-89CAD6F7475B}.Release|x86.Build.0 = Release|Any CPU
		{0952396A-4AFD-49F5-9F59-20BC06E57C88}.Debug|Any CPU.ActiveCfg = Debug|Any CPU
		{0952396A-4AFD-49F5-9F59-20BC06E57C88}.Debug|Any CPU.Build.0 = Debug|Any CPU
		{0952396A-4AFD-49F5-9F59-20BC06E57C88}.Debug|x64.ActiveCfg = Debug|Any CPU
		{0952396A-4AFD-49F5-9F59-20BC06E57C88}.Debug|x64.Build.0 = Debug|Any CPU
		{0952396A-4AFD-49F5-9F59-20BC06E57C88}.Debug|ARM64.ActiveCfg = Debug|Any CPU
		{0952396A-4AFD-49F5-9F59-20BC06E57C88}.Debug|ARM64.Build.0 = Debug|Any CPU
		{0952396A-4AFD-49F5-9F59-20BC06E57C88}.Debug|x86.ActiveCfg = Debug|Any CPU
		{0952396A-4AFD-49F5-9F59-20BC06E57C88}.Debug|x86.Build.0 = Debug|Any CPU
		{0952396A-4AFD-49F5-9F59-20BC06E57C88}.Release|Any CPU.ActiveCfg = Release|Any CPU
		{0952396A-4AFD-49F5-9F59-20BC06E57C88}.Release|Any CPU.Build.0 = Release|Any CPU
		{0952396A-4AFD-49F5-9F59-20BC06E57C88}.Release|x64.ActiveCfg = Release|Any CPU
		{0952396A-4AFD-49F5-9F59-20BC06E57C88}.Release|x64.Build.0 = Release|Any CPU
		{0952396A-4AFD-49F5-9F59-20BC06E57C88}.Release|ARM64.ActiveCfg = Release|Any CPU
		{0952396A-4AFD-49F5-9F59-20BC06E57C88}.Release|ARM64.Build.0 = Release|Any CPU
		{0952396A-4AFD-49F5-9F59-20BC06E57C88}.Release|x86.ActiveCfg = Release|Any CPU
		{0952396A-4AFD-49F5-9F59-20BC06E57C88}.Release|x86.Build.0 = Release|Any CPU
		{5061A5FB-753E-4F0F-BFA5-4CEB253BDBB7}.Debug|Any CPU.ActiveCfg = Debug|Any CPU
		{5061A5FB-753E-4F0F-BFA5-4CEB253BDBB7}.Debug|Any CPU.Build.0 = Debug|Any CPU
		{5061A5FB-753E-4F0F-BFA5-4CEB253BDBB7}.Debug|x64.ActiveCfg = Debug|Any CPU
		{5061A5FB-753E-4F0F-BFA5-4CEB253BDBB7}.Debug|x64.Build.0 = Debug|Any CPU
		{5061A5FB-753E-4F0F-BFA5-4CEB253BDBB7}.Debug|ARM64.ActiveCfg = Debug|Any CPU
		{5061A5FB-753E-4F0F-BFA5-4CEB253BDBB7}.Debug|ARM64.Build.0 = Debug|Any CPU
		{5061A5FB-753E-4F0F-BFA5-4CEB253BDBB7}.Debug|x86.ActiveCfg = Debug|Any CPU
		{5061A5FB-753E-4F0F-BFA5-4CEB253BDBB7}.Debug|x86.Build.0 = Debug|Any CPU
		{5061A5FB-753E-4F0F-BFA5-4CEB253BDBB7}.Release|Any CPU.ActiveCfg = Release|Any CPU
		{5061A5FB-753E-4F0F-BFA5-4CEB253BDBB7}.Release|Any CPU.Build.0 = Release|Any CPU
		{5061A5FB-753E-4F0F-BFA5-4CEB253BDBB7}.Release|x64.ActiveCfg = Release|Any CPU
		{5061A5FB-753E-4F0F-BFA5-4CEB253BDBB7}.Release|x64.Build.0 = Release|Any CPU
		{5061A5FB-753E-4F0F-BFA5-4CEB253BDBB7}.Release|ARM64.ActiveCfg = Release|Any CPU
		{5061A5FB-753E-4F0F-BFA5-4CEB253BDBB7}.Release|ARM64.Build.0 = Release|Any CPU
		{5061A5FB-753E-4F0F-BFA5-4CEB253BDBB7}.Release|x86.ActiveCfg = Release|Any CPU
		{5061A5FB-753E-4F0F-BFA5-4CEB253BDBB7}.Release|x86.Build.0 = Release|Any CPU
		{FB8103AF-8C5F-4EE7-B059-65192C692D90}.Debug|Any CPU.ActiveCfg = Debug|Any CPU
		{FB8103AF-8C5F-4EE7-B059-65192C692D90}.Debug|Any CPU.Build.0 = Debug|Any CPU
		{FB8103AF-8C5F-4EE7-B059-65192C692D90}.Debug|x64.ActiveCfg = Debug|Any CPU
		{FB8103AF-8C5F-4EE7-B059-65192C692D90}.Debug|x64.Build.0 = Debug|Any CPU
		{FB8103AF-8C5F-4EE7-B059-65192C692D90}.Debug|ARM64.ActiveCfg = Debug|Any CPU
		{FB8103AF-8C5F-4EE7-B059-65192C692D90}.Debug|ARM64.Build.0 = Debug|Any CPU
		{FB8103AF-8C5F-4EE7-B059-65192C692D90}.Debug|x86.ActiveCfg = Debug|Any CPU
		{FB8103AF-8C5F-4EE7-B059-65192C692D90}.Debug|x86.Build.0 = Debug|Any CPU
		{FB8103AF-8C5F-4EE7-B059-65192C692D90}.Release|Any CPU.ActiveCfg = Release|Any CPU
		{FB8103AF-8C5F-4EE7-B059-65192C692D90}.Release|Any CPU.Build.0 = Release|Any CPU
		{FB8103AF-8C5F-4EE7-B059-65192C692D90}.Release|x64.ActiveCfg = Release|Any CPU
		{FB8103AF-8C5F-4EE7-B059-65192C692D90}.Release|x64.Build.0 = Release|Any CPU
		{FB8103AF-8C5F-4EE7-B059-65192C692D90}.Release|ARM64.ActiveCfg = Release|Any CPU
		{FB8103AF-8C5F-4EE7-B059-65192C692D90}.Release|ARM64.Build.0 = Release|Any CPU
		{FB8103AF-8C5F-4EE7-B059-65192C692D90}.Release|x86.ActiveCfg = Release|Any CPU
		{FB8103AF-8C5F-4EE7-B059-65192C692D90}.Release|x86.Build.0 = Release|Any CPU
		{43D26FD6-1DA4-4575-A3A2-36A117EB0342}.Debug|Any CPU.ActiveCfg = Debug|Any CPU
		{43D26FD6-1DA4-4575-A3A2-36A117EB0342}.Debug|Any CPU.Build.0 = Debug|Any CPU
		{43D26FD6-1DA4-4575-A3A2-36A117EB0342}.Debug|x64.ActiveCfg = Debug|Any CPU
		{43D26FD6-1DA4-4575-A3A2-36A117EB0342}.Debug|x64.Build.0 = Debug|Any CPU
		{43D26FD6-1DA4-4575-A3A2-36A117EB0342}.Debug|ARM64.ActiveCfg = Debug|Any CPU
		{43D26FD6-1DA4-4575-A3A2-36A117EB0342}.Debug|ARM64.Build.0 = Debug|Any CPU
		{43D26FD6-1DA4-4575-A3A2-36A117EB0342}.Debug|x86.ActiveCfg = Debug|Any CPU
		{43D26FD6-1DA4-4575-A3A2-36A117EB0342}.Debug|x86.Build.0 = Debug|Any CPU
		{43D26FD6-1DA4-4575-A3A2-36A117EB0342}.Release|Any CPU.ActiveCfg = Release|Any CPU
		{43D26FD6-1DA4-4575-A3A2-36A117EB0342}.Release|Any CPU.Build.0 = Release|Any CPU
		{43D26FD6-1DA4-4575-A3A2-36A117EB0342}.Release|x64.ActiveCfg = Release|Any CPU
		{43D26FD6-1DA4-4575-A3A2-36A117EB0342}.Release|x64.Build.0 = Release|Any CPU
		{43D26FD6-1DA4-4575-A3A2-36A117EB0342}.Release|ARM64.ActiveCfg = Release|Any CPU
		{43D26FD6-1DA4-4575-A3A2-36A117EB0342}.Release|ARM64.Build.0 = Release|Any CPU
		{43D26FD6-1DA4-4575-A3A2-36A117EB0342}.Release|x86.ActiveCfg = Release|Any CPU
		{43D26FD6-1DA4-4575-A3A2-36A117EB0342}.Release|x86.Build.0 = Release|Any CPU
		{716CC0F2-6389-42DE-B52C-C6B75BA96D11}.Debug|Any CPU.ActiveCfg = Debug|Any CPU
		{716CC0F2-6389-42DE-B52C-C6B75BA96D11}.Debug|Any CPU.Build.0 = Debug|Any CPU
		{716CC0F2-6389-42DE-B52C-C6B75BA96D11}.Debug|x64.ActiveCfg = Debug|Any CPU
		{716CC0F2-6389-42DE-B52C-C6B75BA96D11}.Debug|x64.Build.0 = Debug|Any CPU
		{716CC0F2-6389-42DE-B52C-C6B75BA96D11}.Debug|ARM64.ActiveCfg = Debug|Any CPU
		{716CC0F2-6389-42DE-B52C-C6B75BA96D11}.Debug|ARM64.Build.0 = Debug|Any CPU
		{716CC0F2-6389-42DE-B52C-C6B75BA96D11}.Debug|x86.ActiveCfg = Debug|Any CPU
		{716CC0F2-6389-42DE-B52C-C6B75BA96D11}.Debug|x86.Build.0 = Debug|Any CPU
		{716CC0F2-6389-42DE-B52C-C6B75BA96D11}.Release|Any CPU.ActiveCfg = Release|Any CPU
		{716CC0F2-6389-42DE-B52C-C6B75BA96D11}.Release|Any CPU.Build.0 = Release|Any CPU
		{716CC0F2-6389-42DE-B52C-C6B75BA96D11}.Release|x64.ActiveCfg = Release|Any CPU
		{716CC0F2-6389-42DE-B52C-C6B75BA96D11}.Release|x64.Build.0 = Release|Any CPU
		{716CC0F2-6389-42DE-B52C-C6B75BA96D11}.Release|ARM64.ActiveCfg = Release|Any CPU
		{716CC0F2-6389-42DE-B52C-C6B75BA96D11}.Release|ARM64.Build.0 = Release|Any CPU
		{716CC0F2-6389-42DE-B52C-C6B75BA96D11}.Release|x86.ActiveCfg = Release|Any CPU
		{716CC0F2-6389-42DE-B52C-C6B75BA96D11}.Release|x86.Build.0 = Release|Any CPU
		{3AE8A5B9-D758-4FDC-BE52-97F309042BF5}.Debug|Any CPU.ActiveCfg = Debug|Any CPU
		{3AE8A5B9-D758-4FDC-BE52-97F309042BF5}.Debug|Any CPU.Build.0 = Debug|Any CPU
		{3AE8A5B9-D758-4FDC-BE52-97F309042BF5}.Debug|x64.ActiveCfg = Debug|Any CPU
		{3AE8A5B9-D758-4FDC-BE52-97F309042BF5}.Debug|x64.Build.0 = Debug|Any CPU
		{3AE8A5B9-D758-4FDC-BE52-97F309042BF5}.Debug|ARM64.ActiveCfg = Debug|Any CPU
		{3AE8A5B9-D758-4FDC-BE52-97F309042BF5}.Debug|ARM64.Build.0 = Debug|Any CPU
		{3AE8A5B9-D758-4FDC-BE52-97F309042BF5}.Debug|x86.ActiveCfg = Debug|Any CPU
		{3AE8A5B9-D758-4FDC-BE52-97F309042BF5}.Debug|x86.Build.0 = Debug|Any CPU
		{3AE8A5B9-D758-4FDC-BE52-97F309042BF5}.Release|Any CPU.ActiveCfg = Release|Any CPU
		{3AE8A5B9-D758-4FDC-BE52-97F309042BF5}.Release|Any CPU.Build.0 = Release|Any CPU
		{3AE8A5B9-D758-4FDC-BE52-97F309042BF5}.Release|x64.ActiveCfg = Release|Any CPU
		{3AE8A5B9-D758-4FDC-BE52-97F309042BF5}.Release|x64.Build.0 = Release|Any CPU
		{3AE8A5B9-D758-4FDC-BE52-97F309042BF5}.Release|ARM64.ActiveCfg = Release|Any CPU
		{3AE8A5B9-D758-4FDC-BE52-97F309042BF5}.Release|ARM64.Build.0 = Release|Any CPU
		{3AE8A5B9-D758-4FDC-BE52-97F309042BF5}.Release|x86.ActiveCfg = Release|Any CPU
		{3AE8A5B9-D758-4FDC-BE52-97F309042BF5}.Release|x86.Build.0 = Release|Any CPU
		{1F21D42B-702A-4620-BE93-92B1280637B0}.Debug|Any CPU.ActiveCfg = Debug|Any CPU
		{1F21D42B-702A-4620-BE93-92B1280637B0}.Debug|Any CPU.Build.0 = Debug|Any CPU
		{1F21D42B-702A-4620-BE93-92B1280637B0}.Debug|x64.ActiveCfg = Debug|Any CPU
		{1F21D42B-702A-4620-BE93-92B1280637B0}.Debug|x64.Build.0 = Debug|Any CPU
		{1F21D42B-702A-4620-BE93-92B1280637B0}.Debug|ARM64.ActiveCfg = Debug|Any CPU
		{1F21D42B-702A-4620-BE93-92B1280637B0}.Debug|ARM64.Build.0 = Debug|Any CPU
		{1F21D42B-702A-4620-BE93-92B1280637B0}.Debug|x86.ActiveCfg = Debug|Any CPU
		{1F21D42B-702A-4620-BE93-92B1280637B0}.Debug|x86.Build.0 = Debug|Any CPU
		{1F21D42B-702A-4620-BE93-92B1280637B0}.Release|Any CPU.ActiveCfg = Release|Any CPU
		{1F21D42B-702A-4620-BE93-92B1280637B0}.Release|Any CPU.Build.0 = Release|Any CPU
		{1F21D42B-702A-4620-BE93-92B1280637B0}.Release|x64.ActiveCfg = Release|Any CPU
		{1F21D42B-702A-4620-BE93-92B1280637B0}.Release|x64.Build.0 = Release|Any CPU
		{1F21D42B-702A-4620-BE93-92B1280637B0}.Release|ARM64.ActiveCfg = Release|Any CPU
		{1F21D42B-702A-4620-BE93-92B1280637B0}.Release|ARM64.Build.0 = Release|Any CPU
		{1F21D42B-702A-4620-BE93-92B1280637B0}.Release|x86.ActiveCfg = Release|Any CPU
		{1F21D42B-702A-4620-BE93-92B1280637B0}.Release|x86.Build.0 = Release|Any CPU
		{B131168D-A243-480C-827B-D179DDAD4A5D}.Debug|Any CPU.ActiveCfg = Debug|Any CPU
		{B131168D-A243-480C-827B-D179DDAD4A5D}.Debug|Any CPU.Build.0 = Debug|Any CPU
		{B131168D-A243-480C-827B-D179DDAD4A5D}.Debug|x64.ActiveCfg = Debug|Any CPU
		{B131168D-A243-480C-827B-D179DDAD4A5D}.Debug|x64.Build.0 = Debug|Any CPU
		{B131168D-A243-480C-827B-D179DDAD4A5D}.Debug|ARM64.ActiveCfg = Debug|Any CPU
		{B131168D-A243-480C-827B-D179DDAD4A5D}.Debug|ARM64.Build.0 = Debug|Any CPU
		{B131168D-A243-480C-827B-D179DDAD4A5D}.Debug|x86.ActiveCfg = Debug|Any CPU
		{B131168D-A243-480C-827B-D179DDAD4A5D}.Debug|x86.Build.0 = Debug|Any CPU
		{B131168D-A243-480C-827B-D179DDAD4A5D}.Release|Any CPU.ActiveCfg = Release|Any CPU
		{B131168D-A243-480C-827B-D179DDAD4A5D}.Release|Any CPU.Build.0 = Release|Any CPU
		{B131168D-A243-480C-827B-D179DDAD4A5D}.Release|x64.ActiveCfg = Release|Any CPU
		{B131168D-A243-480C-827B-D179DDAD4A5D}.Release|x64.Build.0 = Release|Any CPU
		{B131168D-A243-480C-827B-D179DDAD4A5D}.Release|ARM64.ActiveCfg = Release|Any CPU
		{B131168D-A243-480C-827B-D179DDAD4A5D}.Release|ARM64.Build.0 = Release|Any CPU
		{B131168D-A243-480C-827B-D179DDAD4A5D}.Release|x86.ActiveCfg = Release|Any CPU
		{B131168D-A243-480C-827B-D179DDAD4A5D}.Release|x86.Build.0 = Release|Any CPU
		{E9FCEC78-FBE3-4E29-B85A-91005856C5A5}.Debug|Any CPU.ActiveCfg = Debug|Any CPU
		{E9FCEC78-FBE3-4E29-B85A-91005856C5A5}.Debug|Any CPU.Build.0 = Debug|Any CPU
		{E9FCEC78-FBE3-4E29-B85A-91005856C5A5}.Debug|x64.ActiveCfg = Debug|Any CPU
		{E9FCEC78-FBE3-4E29-B85A-91005856C5A5}.Debug|x64.Build.0 = Debug|Any CPU
		{E9FCEC78-FBE3-4E29-B85A-91005856C5A5}.Debug|ARM64.ActiveCfg = Debug|Any CPU
		{E9FCEC78-FBE3-4E29-B85A-91005856C5A5}.Debug|ARM64.Build.0 = Debug|Any CPU
		{E9FCEC78-FBE3-4E29-B85A-91005856C5A5}.Debug|x86.ActiveCfg = Debug|Any CPU
		{E9FCEC78-FBE3-4E29-B85A-91005856C5A5}.Debug|x86.Build.0 = Debug|Any CPU
		{E9FCEC78-FBE3-4E29-B85A-91005856C5A5}.Release|Any CPU.ActiveCfg = Release|Any CPU
		{E9FCEC78-FBE3-4E29-B85A-91005856C5A5}.Release|Any CPU.Build.0 = Release|Any CPU
		{E9FCEC78-FBE3-4E29-B85A-91005856C5A5}.Release|x64.ActiveCfg = Release|Any CPU
		{E9FCEC78-FBE3-4E29-B85A-91005856C5A5}.Release|x64.Build.0 = Release|Any CPU
		{E9FCEC78-FBE3-4E29-B85A-91005856C5A5}.Release|ARM64.ActiveCfg = Release|Any CPU
		{E9FCEC78-FBE3-4E29-B85A-91005856C5A5}.Release|ARM64.Build.0 = Release|Any CPU
		{E9FCEC78-FBE3-4E29-B85A-91005856C5A5}.Release|x86.ActiveCfg = Release|Any CPU
		{E9FCEC78-FBE3-4E29-B85A-91005856C5A5}.Release|x86.Build.0 = Release|Any CPU
		{AD03B9C4-DD71-43D6-B45F-98543768CDE7}.Debug|Any CPU.ActiveCfg = Debug|x86
		{AD03B9C4-DD71-43D6-B45F-98543768CDE7}.Debug|Any CPU.Build.0 = Debug|x86
		{AD03B9C4-DD71-43D6-B45F-98543768CDE7}.Debug|x64.ActiveCfg = Debug|x64
		{AD03B9C4-DD71-43D6-B45F-98543768CDE7}.Debug|x64.Build.0 = Debug|x64
		{AD03B9C4-DD71-43D6-B45F-98543768CDE7}.Debug|ARM64.ActiveCfg = Debug|x86
		{AD03B9C4-DD71-43D6-B45F-98543768CDE7}.Debug|ARM64.Build.0 = Debug|x86
		{AD03B9C4-DD71-43D6-B45F-98543768CDE7}.Debug|x86.ActiveCfg = Debug|x86
		{AD03B9C4-DD71-43D6-B45F-98543768CDE7}.Debug|x86.Build.0 = Debug|x86
		{AD03B9C4-DD71-43D6-B45F-98543768CDE7}.Release|Any CPU.ActiveCfg = Release|x86
		{AD03B9C4-DD71-43D6-B45F-98543768CDE7}.Release|Any CPU.Build.0 = Release|x86
		{AD03B9C4-DD71-43D6-B45F-98543768CDE7}.Release|x64.ActiveCfg = Release|x64
		{AD03B9C4-DD71-43D6-B45F-98543768CDE7}.Release|x64.Build.0 = Release|x64
		{AD03B9C4-DD71-43D6-B45F-98543768CDE7}.Release|ARM64.ActiveCfg = Release|x86
		{AD03B9C4-DD71-43D6-B45F-98543768CDE7}.Release|ARM64.Build.0 = Release|x86
		{AD03B9C4-DD71-43D6-B45F-98543768CDE7}.Release|x86.ActiveCfg = Release|x86
		{AD03B9C4-DD71-43D6-B45F-98543768CDE7}.Release|x86.Build.0 = Release|x86
		{9CBECBB7-618D-41C1-BC46-CB1F5F9BE63C}.Debug|Any CPU.ActiveCfg = Debug|Any CPU
		{9CBECBB7-618D-41C1-BC46-CB1F5F9BE63C}.Debug|Any CPU.Build.0 = Debug|Any CPU
		{9CBECBB7-618D-41C1-BC46-CB1F5F9BE63C}.Debug|x64.ActiveCfg = Debug|x64
		{9CBECBB7-618D-41C1-BC46-CB1F5F9BE63C}.Debug|x64.Build.0 = Debug|x64
		{9CBECBB7-618D-41C1-BC46-CB1F5F9BE63C}.Debug|ARM64.ActiveCfg = Debug|Any CPU
		{9CBECBB7-618D-41C1-BC46-CB1F5F9BE63C}.Debug|ARM64.Build.0 = Debug|Any CPU
		{9CBECBB7-618D-41C1-BC46-CB1F5F9BE63C}.Debug|x86.ActiveCfg = Debug|x86
		{9CBECBB7-618D-41C1-BC46-CB1F5F9BE63C}.Debug|x86.Build.0 = Debug|x86
		{9CBECBB7-618D-41C1-BC46-CB1F5F9BE63C}.Release|Any CPU.ActiveCfg = Release|Any CPU
		{9CBECBB7-618D-41C1-BC46-CB1F5F9BE63C}.Release|Any CPU.Build.0 = Release|Any CPU
		{9CBECBB7-618D-41C1-BC46-CB1F5F9BE63C}.Release|x64.ActiveCfg = Release|x64
		{9CBECBB7-618D-41C1-BC46-CB1F5F9BE63C}.Release|x64.Build.0 = Release|x64
		{9CBECBB7-618D-41C1-BC46-CB1F5F9BE63C}.Release|ARM64.ActiveCfg = Release|Any CPU
		{9CBECBB7-618D-41C1-BC46-CB1F5F9BE63C}.Release|ARM64.Build.0 = Release|Any CPU
		{9CBECBB7-618D-41C1-BC46-CB1F5F9BE63C}.Release|x86.ActiveCfg = Release|x86
		{9CBECBB7-618D-41C1-BC46-CB1F5F9BE63C}.Release|x86.Build.0 = Release|x86
		{66E606F9-B7D2-48E7-BFC8-A8789B2A46AB}.Debug|Any CPU.ActiveCfg = Debug|Any CPU
		{66E606F9-B7D2-48E7-BFC8-A8789B2A46AB}.Debug|Any CPU.Build.0 = Debug|Any CPU
		{66E606F9-B7D2-48E7-BFC8-A8789B2A46AB}.Debug|x64.ActiveCfg = Debug|x64
		{66E606F9-B7D2-48E7-BFC8-A8789B2A46AB}.Debug|x64.Build.0 = Debug|x64
		{66E606F9-B7D2-48E7-BFC8-A8789B2A46AB}.Debug|ARM64.ActiveCfg = Debug|Any CPU
		{66E606F9-B7D2-48E7-BFC8-A8789B2A46AB}.Debug|ARM64.Build.0 = Debug|Any CPU
		{66E606F9-B7D2-48E7-BFC8-A8789B2A46AB}.Debug|x86.ActiveCfg = Debug|x86
		{66E606F9-B7D2-48E7-BFC8-A8789B2A46AB}.Debug|x86.Build.0 = Debug|x86
		{66E606F9-B7D2-48E7-BFC8-A8789B2A46AB}.Release|Any CPU.ActiveCfg = Release|Any CPU
		{66E606F9-B7D2-48E7-BFC8-A8789B2A46AB}.Release|Any CPU.Build.0 = Release|Any CPU
		{66E606F9-B7D2-48E7-BFC8-A8789B2A46AB}.Release|x64.ActiveCfg = Release|x64
		{66E606F9-B7D2-48E7-BFC8-A8789B2A46AB}.Release|x64.Build.0 = Release|x64
		{66E606F9-B7D2-48E7-BFC8-A8789B2A46AB}.Release|ARM64.ActiveCfg = Release|Any CPU
		{66E606F9-B7D2-48E7-BFC8-A8789B2A46AB}.Release|ARM64.Build.0 = Release|Any CPU
		{66E606F9-B7D2-48E7-BFC8-A8789B2A46AB}.Release|x86.ActiveCfg = Release|x86
		{66E606F9-B7D2-48E7-BFC8-A8789B2A46AB}.Release|x86.Build.0 = Release|x86
		{25D26B0E-DF6A-495D-9EE5-BE380CE77E0B}.Debug|Any CPU.ActiveCfg = Debug|Any CPU
		{25D26B0E-DF6A-495D-9EE5-BE380CE77E0B}.Debug|Any CPU.Build.0 = Debug|Any CPU
		{25D26B0E-DF6A-495D-9EE5-BE380CE77E0B}.Debug|x64.ActiveCfg = Debug|x64
		{25D26B0E-DF6A-495D-9EE5-BE380CE77E0B}.Debug|x64.Build.0 = Debug|x64
		{25D26B0E-DF6A-495D-9EE5-BE380CE77E0B}.Debug|ARM64.ActiveCfg = Debug|Any CPU
		{25D26B0E-DF6A-495D-9EE5-BE380CE77E0B}.Debug|ARM64.Build.0 = Debug|Any CPU
		{25D26B0E-DF6A-495D-9EE5-BE380CE77E0B}.Debug|x86.ActiveCfg = Debug|x86
		{25D26B0E-DF6A-495D-9EE5-BE380CE77E0B}.Debug|x86.Build.0 = Debug|x86
		{25D26B0E-DF6A-495D-9EE5-BE380CE77E0B}.Release|Any CPU.ActiveCfg = Release|Any CPU
		{25D26B0E-DF6A-495D-9EE5-BE380CE77E0B}.Release|Any CPU.Build.0 = Release|Any CPU
		{25D26B0E-DF6A-495D-9EE5-BE380CE77E0B}.Release|x64.ActiveCfg = Release|x64
		{25D26B0E-DF6A-495D-9EE5-BE380CE77E0B}.Release|x64.Build.0 = Release|x64
		{25D26B0E-DF6A-495D-9EE5-BE380CE77E0B}.Release|ARM64.ActiveCfg = Release|Any CPU
		{25D26B0E-DF6A-495D-9EE5-BE380CE77E0B}.Release|ARM64.Build.0 = Release|Any CPU
		{25D26B0E-DF6A-495D-9EE5-BE380CE77E0B}.Release|x86.ActiveCfg = Release|x86
		{25D26B0E-DF6A-495D-9EE5-BE380CE77E0B}.Release|x86.Build.0 = Release|x86
		{E1A1BEB6-F473-4DF2-B47D-1C41A43A9B6F}.Debug|Any CPU.ActiveCfg = Debug|Any CPU
		{E1A1BEB6-F473-4DF2-B47D-1C41A43A9B6F}.Debug|Any CPU.Build.0 = Debug|Any CPU
		{E1A1BEB6-F473-4DF2-B47D-1C41A43A9B6F}.Debug|x64.ActiveCfg = Debug|x64
		{E1A1BEB6-F473-4DF2-B47D-1C41A43A9B6F}.Debug|x64.Build.0 = Debug|x64
		{E1A1BEB6-F473-4DF2-B47D-1C41A43A9B6F}.Debug|ARM64.ActiveCfg = Debug|Any CPU
		{E1A1BEB6-F473-4DF2-B47D-1C41A43A9B6F}.Debug|ARM64.Build.0 = Debug|Any CPU
		{E1A1BEB6-F473-4DF2-B47D-1C41A43A9B6F}.Debug|x86.ActiveCfg = Debug|x86
		{E1A1BEB6-F473-4DF2-B47D-1C41A43A9B6F}.Debug|x86.Build.0 = Debug|x86
		{E1A1BEB6-F473-4DF2-B47D-1C41A43A9B6F}.Release|Any CPU.ActiveCfg = Release|Any CPU
		{E1A1BEB6-F473-4DF2-B47D-1C41A43A9B6F}.Release|Any CPU.Build.0 = Release|Any CPU
		{E1A1BEB6-F473-4DF2-B47D-1C41A43A9B6F}.Release|x64.ActiveCfg = Release|x64
		{E1A1BEB6-F473-4DF2-B47D-1C41A43A9B6F}.Release|x64.Build.0 = Release|x64
		{E1A1BEB6-F473-4DF2-B47D-1C41A43A9B6F}.Release|ARM64.ActiveCfg = Release|Any CPU
		{E1A1BEB6-F473-4DF2-B47D-1C41A43A9B6F}.Release|ARM64.Build.0 = Release|Any CPU
		{E1A1BEB6-F473-4DF2-B47D-1C41A43A9B6F}.Release|x86.ActiveCfg = Release|x86
		{E1A1BEB6-F473-4DF2-B47D-1C41A43A9B6F}.Release|x86.Build.0 = Release|x86
		{48B17D14-95E7-419B-832E-F2FB0000244D}.Debug|Any CPU.ActiveCfg = Debug|Any CPU
		{48B17D14-95E7-419B-832E-F2FB0000244D}.Debug|Any CPU.Build.0 = Debug|Any CPU
		{48B17D14-95E7-419B-832E-F2FB0000244D}.Debug|x64.ActiveCfg = Debug|x64
		{48B17D14-95E7-419B-832E-F2FB0000244D}.Debug|x64.Build.0 = Debug|x64
		{48B17D14-95E7-419B-832E-F2FB0000244D}.Debug|ARM64.ActiveCfg = Debug|Any CPU
		{48B17D14-95E7-419B-832E-F2FB0000244D}.Debug|ARM64.Build.0 = Debug|Any CPU
		{48B17D14-95E7-419B-832E-F2FB0000244D}.Debug|x86.ActiveCfg = Debug|x86
		{48B17D14-95E7-419B-832E-F2FB0000244D}.Debug|x86.Build.0 = Debug|x86
		{48B17D14-95E7-419B-832E-F2FB0000244D}.Release|Any CPU.ActiveCfg = Release|Any CPU
		{48B17D14-95E7-419B-832E-F2FB0000244D}.Release|Any CPU.Build.0 = Release|Any CPU
		{48B17D14-95E7-419B-832E-F2FB0000244D}.Release|x64.ActiveCfg = Release|x64
		{48B17D14-95E7-419B-832E-F2FB0000244D}.Release|x64.Build.0 = Release|x64
		{48B17D14-95E7-419B-832E-F2FB0000244D}.Release|ARM64.ActiveCfg = Release|Any CPU
		{48B17D14-95E7-419B-832E-F2FB0000244D}.Release|ARM64.Build.0 = Release|Any CPU
		{48B17D14-95E7-419B-832E-F2FB0000244D}.Release|x86.ActiveCfg = Release|x86
		{48B17D14-95E7-419B-832E-F2FB0000244D}.Release|x86.Build.0 = Release|x86
		{897A0C1E-9E90-412F-93F8-3386414E32A8}.Debug|Any CPU.ActiveCfg = Debug|Any CPU
		{897A0C1E-9E90-412F-93F8-3386414E32A8}.Debug|Any CPU.Build.0 = Debug|Any CPU
		{897A0C1E-9E90-412F-93F8-3386414E32A8}.Debug|x64.ActiveCfg = Debug|x64
		{897A0C1E-9E90-412F-93F8-3386414E32A8}.Debug|x64.Build.0 = Debug|x64
		{897A0C1E-9E90-412F-93F8-3386414E32A8}.Debug|ARM64.ActiveCfg = Debug|Any CPU
		{897A0C1E-9E90-412F-93F8-3386414E32A8}.Debug|ARM64.Build.0 = Debug|Any CPU
		{897A0C1E-9E90-412F-93F8-3386414E32A8}.Debug|x86.ActiveCfg = Debug|x86
		{897A0C1E-9E90-412F-93F8-3386414E32A8}.Debug|x86.Build.0 = Debug|x86
		{897A0C1E-9E90-412F-93F8-3386414E32A8}.Release|Any CPU.ActiveCfg = Release|Any CPU
		{897A0C1E-9E90-412F-93F8-3386414E32A8}.Release|Any CPU.Build.0 = Release|Any CPU
		{897A0C1E-9E90-412F-93F8-3386414E32A8}.Release|x64.ActiveCfg = Release|x64
		{897A0C1E-9E90-412F-93F8-3386414E32A8}.Release|x64.Build.0 = Release|x64
		{897A0C1E-9E90-412F-93F8-3386414E32A8}.Release|ARM64.ActiveCfg = Release|Any CPU
		{897A0C1E-9E90-412F-93F8-3386414E32A8}.Release|ARM64.Build.0 = Release|Any CPU
		{897A0C1E-9E90-412F-93F8-3386414E32A8}.Release|x86.ActiveCfg = Release|x86
		{897A0C1E-9E90-412F-93F8-3386414E32A8}.Release|x86.Build.0 = Release|x86
		{D7B3D8A8-F32F-484F-8765-B88DD432F390}.Debug|Any CPU.ActiveCfg = Debug|Any CPU
		{D7B3D8A8-F32F-484F-8765-B88DD432F390}.Debug|Any CPU.Build.0 = Debug|Any CPU
		{D7B3D8A8-F32F-484F-8765-B88DD432F390}.Debug|x64.ActiveCfg = Debug|x64
		{D7B3D8A8-F32F-484F-8765-B88DD432F390}.Debug|x64.Build.0 = Debug|x64
		{D7B3D8A8-F32F-484F-8765-B88DD432F390}.Debug|ARM64.ActiveCfg = Debug|Any CPU
		{D7B3D8A8-F32F-484F-8765-B88DD432F390}.Debug|ARM64.Build.0 = Debug|Any CPU
		{D7B3D8A8-F32F-484F-8765-B88DD432F390}.Debug|x86.ActiveCfg = Debug|x86
		{D7B3D8A8-F32F-484F-8765-B88DD432F390}.Debug|x86.Build.0 = Debug|x86
		{D7B3D8A8-F32F-484F-8765-B88DD432F390}.Release|Any CPU.ActiveCfg = Release|Any CPU
		{D7B3D8A8-F32F-484F-8765-B88DD432F390}.Release|Any CPU.Build.0 = Release|Any CPU
		{D7B3D8A8-F32F-484F-8765-B88DD432F390}.Release|x64.ActiveCfg = Release|x64
		{D7B3D8A8-F32F-484F-8765-B88DD432F390}.Release|x64.Build.0 = Release|x64
		{D7B3D8A8-F32F-484F-8765-B88DD432F390}.Release|ARM64.ActiveCfg = Release|Any CPU
		{D7B3D8A8-F32F-484F-8765-B88DD432F390}.Release|ARM64.Build.0 = Release|Any CPU
		{D7B3D8A8-F32F-484F-8765-B88DD432F390}.Release|x86.ActiveCfg = Release|x86
		{D7B3D8A8-F32F-484F-8765-B88DD432F390}.Release|x86.Build.0 = Release|x86
		{1F350A10-699E-4F97-A5AB-FA22B7CE8141}.Debug|Any CPU.ActiveCfg = Debug|Any CPU
		{1F350A10-699E-4F97-A5AB-FA22B7CE8141}.Debug|Any CPU.Build.0 = Debug|Any CPU
		{1F350A10-699E-4F97-A5AB-FA22B7CE8141}.Debug|x64.ActiveCfg = Debug|x64
		{1F350A10-699E-4F97-A5AB-FA22B7CE8141}.Debug|x64.Build.0 = Debug|x64
		{1F350A10-699E-4F97-A5AB-FA22B7CE8141}.Debug|ARM64.ActiveCfg = Debug|Any CPU
		{1F350A10-699E-4F97-A5AB-FA22B7CE8141}.Debug|ARM64.Build.0 = Debug|Any CPU
		{1F350A10-699E-4F97-A5AB-FA22B7CE8141}.Debug|x86.ActiveCfg = Debug|x86
		{1F350A10-699E-4F97-A5AB-FA22B7CE8141}.Debug|x86.Build.0 = Debug|x86
		{1F350A10-699E-4F97-A5AB-FA22B7CE8141}.Release|Any CPU.ActiveCfg = Release|Any CPU
		{1F350A10-699E-4F97-A5AB-FA22B7CE8141}.Release|Any CPU.Build.0 = Release|Any CPU
		{1F350A10-699E-4F97-A5AB-FA22B7CE8141}.Release|x64.ActiveCfg = Release|x64
		{1F350A10-699E-4F97-A5AB-FA22B7CE8141}.Release|x64.Build.0 = Release|x64
		{1F350A10-699E-4F97-A5AB-FA22B7CE8141}.Release|ARM64.ActiveCfg = Release|Any CPU
		{1F350A10-699E-4F97-A5AB-FA22B7CE8141}.Release|ARM64.Build.0 = Release|Any CPU
		{1F350A10-699E-4F97-A5AB-FA22B7CE8141}.Release|x86.ActiveCfg = Release|x86
		{1F350A10-699E-4F97-A5AB-FA22B7CE8141}.Release|x86.Build.0 = Release|x86
		{F120BD5A-B807-47FC-8D2E-888C14F2866F}.Debug|Any CPU.ActiveCfg = Debug|Any CPU
		{F120BD5A-B807-47FC-8D2E-888C14F2866F}.Debug|Any CPU.Build.0 = Debug|Any CPU
		{F120BD5A-B807-47FC-8D2E-888C14F2866F}.Debug|x64.ActiveCfg = Debug|Any CPU
		{F120BD5A-B807-47FC-8D2E-888C14F2866F}.Debug|x64.Build.0 = Debug|Any CPU
		{F120BD5A-B807-47FC-8D2E-888C14F2866F}.Debug|ARM64.ActiveCfg = Debug|Any CPU
		{F120BD5A-B807-47FC-8D2E-888C14F2866F}.Debug|ARM64.Build.0 = Debug|Any CPU
		{F120BD5A-B807-47FC-8D2E-888C14F2866F}.Debug|x86.ActiveCfg = Debug|Any CPU
		{F120BD5A-B807-47FC-8D2E-888C14F2866F}.Debug|x86.Build.0 = Debug|Any CPU
		{F120BD5A-B807-47FC-8D2E-888C14F2866F}.Release|Any CPU.ActiveCfg = Release|Any CPU
		{F120BD5A-B807-47FC-8D2E-888C14F2866F}.Release|Any CPU.Build.0 = Release|Any CPU
		{F120BD5A-B807-47FC-8D2E-888C14F2866F}.Release|x64.ActiveCfg = Release|Any CPU
		{F120BD5A-B807-47FC-8D2E-888C14F2866F}.Release|x64.Build.0 = Release|Any CPU
		{F120BD5A-B807-47FC-8D2E-888C14F2866F}.Release|ARM64.ActiveCfg = Release|Any CPU
		{F120BD5A-B807-47FC-8D2E-888C14F2866F}.Release|ARM64.Build.0 = Release|Any CPU
		{F120BD5A-B807-47FC-8D2E-888C14F2866F}.Release|x86.ActiveCfg = Release|Any CPU
		{F120BD5A-B807-47FC-8D2E-888C14F2866F}.Release|x86.Build.0 = Release|Any CPU
	EndGlobalSection
	GlobalSection(SolutionProperties) = preSolution
		HideSolutionNode = FALSE
	EndGlobalSection
	GlobalSection(NestedProjects) = preSolution
		{AD03B9C4-DD71-43D6-B45F-98543768CDE7} = {2196FF34-E6CA-1178-A4A8-C35FB22CF3D4}
		{DA084E1B-9572-4752-A1FC-183A1B17F928} = {7B914EAE-C9F9-A150-68B6-A106542EEA13}
		{54FDE66F-2C42-4806-84CF-F30E75FE29DD} = {7B914EAE-C9F9-A150-68B6-A106542EEA13}
		{0DA8E6C9-9605-43E5-8B76-89CAD6F7475B} = {7B914EAE-C9F9-A150-68B6-A106542EEA13}
		{0952396A-4AFD-49F5-9F59-20BC06E57C88} = {7B914EAE-C9F9-A150-68B6-A106542EEA13}
		{5061A5FB-753E-4F0F-BFA5-4CEB253BDBB7} = {7B914EAE-C9F9-A150-68B6-A106542EEA13}
		{FB8103AF-8C5F-4EE7-B059-65192C692D90} = {7B914EAE-C9F9-A150-68B6-A106542EEA13}
		{43D26FD6-1DA4-4575-A3A2-36A117EB0342} = {7B914EAE-C9F9-A150-68B6-A106542EEA13}
		{716CC0F2-6389-42DE-B52C-C6B75BA96D11} = {7B914EAE-C9F9-A150-68B6-A106542EEA13}
		{3AE8A5B9-D758-4FDC-BE52-97F309042BF5} = {57F5F539-44B8-C3E0-8275-F8861B64FA84}
		{1F21D42B-702A-4620-BE93-92B1280637B0} = {57F5F539-44B8-C3E0-8275-F8861B64FA84}
		{B131168D-A243-480C-827B-D179DDAD4A5D} = {7B914EAE-C9F9-A150-68B6-A106542EEA13}
		{E9FCEC78-FBE3-4E29-B85A-91005856C5A5} = {7B914EAE-C9F9-A150-68B6-A106542EEA13}
		{57F5F539-44B8-C3E0-8275-F8861B64FA84} = {7B914EAE-C9F9-A150-68B6-A106542EEA13}
		{9CBECBB7-618D-41C1-BC46-CB1F5F9BE63C} = {2196FF34-E6CA-1178-A4A8-C35FB22CF3D4}
		{66E606F9-B7D2-48E7-BFC8-A8789B2A46AB} = {2196FF34-E6CA-1178-A4A8-C35FB22CF3D4}
		{25D26B0E-DF6A-495D-9EE5-BE380CE77E0B} = {2196FF34-E6CA-1178-A4A8-C35FB22CF3D4}
		{E1A1BEB6-F473-4DF2-B47D-1C41A43A9B6F} = {2196FF34-E6CA-1178-A4A8-C35FB22CF3D4}
		{48B17D14-95E7-419B-832E-F2FB0000244D} = {2196FF34-E6CA-1178-A4A8-C35FB22CF3D4}
		{897A0C1E-9E90-412F-93F8-3386414E32A8} = {2196FF34-E6CA-1178-A4A8-C35FB22CF3D4}
		{D7B3D8A8-F32F-484F-8765-B88DD432F390} = {2196FF34-E6CA-1178-A4A8-C35FB22CF3D4}
		{1F350A10-699E-4F97-A5AB-FA22B7CE8141} = {2196FF34-E6CA-1178-A4A8-C35FB22CF3D4}
	EndGlobalSection
EndGlobal
